{
  "nodes": {
    "devenv": {
      "locked": {
        "dir": "src/modules",
        "lastModified": 1783351004,
        "narHash": "sha256-ecHPo6/JXpsc1Brfiol1w7CwU/aSYWI5X5Rpiks8ByU=",
        "ref": "refs/heads/main",
        "rev": "732521bceb332b5336e534501d53a71af9da8385",
        "revCount": 6822,
        "type": "git",
        "url": "ssh://git@github.com/cachix/devenv.git"
      },
      "original": {
        "dir": "src/modules",
        "type": "git",
        "url": "ssh://git@github.com/cachix/devenv.git"
      }
    },
    "devenv-base": {
      "flake": false,
      "locked": {
        "lastModified": 1782823218,
        "narHash": "sha256-hyg7oPnG6+09dbkvCu/2ET7+4+Li1d7T/pZpIHZflhc=",
        "ref": "refs/heads/main",
        "rev": "e61db0b86d48c12e549e79c1279ef0741732bb1c",
        "revCount": 62,
        "type": "git",
        "url": "ssh://git@github.com/megalithic/devenv-base.git"
      },
      "original": {
        "type": "git",
        "url": "ssh://git@github.com/megalithic/devenv-base.git"
      }
    },
    "flake-compat": {
      "flake": false,
      "locked": {
        "lastModified": 1767039857,
        "narHash": "sha256-vNpUSpF5Nuw8xvDLj2KCwwksIbjua2LZCqhV1LNRDns=",
        "owner": "NixOS",
        "repo": "flake-compat",
        "rev": "5edf11c44bc78a0d334f6334cdaf7d60d732daab",
        "type": "github"
      },
      "original": {
        "owner": "NixOS",
        "repo": "flake-compat",
        "type": "github"
      }
    },
    "git-hooks": {
      "inputs": {
        "flake-compat": "flake-compat",
        "nixpkgs": [
          "nixpkgs"
        ]
      },
      "locked": {
        "lastModified": 1783008725,
        "narHash": "sha256-jGiy6+sxjNWXSjp25uoJuNfyH9zBK1PEDY0lVoL4ibQ=",
        "ref": "refs/heads/master",
        "rev": "bca82caa46d5ec0f5d422c61fb1e30bc51313cbe",
        "revCount": 1229,
        "type": "git",
        "url": "ssh://git@github.com/cachix/git-hooks.nix.git"
      },
      "original": {
        "type": "git",
        "url": "ssh://git@github.com/cachix/git-hooks.nix.git"
      }
    },
    "nixpkgs": {
      "inputs": {
        "nixpkgs-src": "nixpkgs-src"
      },
      "locked": {
        "lastModified": 1783345554,
        "narHash": "sha256-LZhOm4kqjHUnwP4CNHpaqqEVcumGNd1PvOEOad8LkS0=",
        "ref": "rolling",
        "rev": "6004ea8c229fe9d41b21c6f4c76bf6c2e10771dd",
        "revCount": 242,
        "type": "git",
        "url": "ssh://git@github.com/cachix/devenv-nixpkgs.git"
      },
      "original": {
        "ref": "rolling",
        "type": "git",
        "url": "ssh://git@github.com/cachix/devenv-nixpkgs.git"
      }
    },
    "nixpkgs-src": {
      "flake": false,
      "locked": {
        "lastModified": 1783279667,
        "narHash": "sha256-/NAkDSsve+GNM0Bt6tleJdCGfsTlK89nPjkVOzZMo0s=",
        "owner": "NixOS",
        "repo": "nixpkgs",
        "rev": "f205b5574fd0cb7da5b702a2da51507b7f4fdd1b",
        "type": "github"
      },
      "original": {
        "owner": "NixOS",
        "ref": "nixpkgs-unstable",
        "repo": "nixpkgs",
        "type": "github"
      }
    },
    "root": {
      "inputs": {
        "devenv": "devenv",
        "devenv-base": "devenv-base",
        "git-hooks": "git-hooks",
        "nixpkgs": "nixpkgs",
        "treefmt-nix": "treefmt-nix"
      }
    },
    "treefmt-nix": {
      "flake": false,
      "locked": {
        "lastModified": 1780220602,
        "narHash": "sha256-eynAfOmbmxJnkp7YewvCEbShNnnYJ9gLLqkzsYtBPeM=",
        "ref": "refs/heads/main",
        "rev": "db947814a175b7ca6ded66e21383d938df01c227",
        "revCount": 551,
        "type": "git",
        "url": "ssh://git@github.com/numtide/treefmt-nix.git"
      },
      "original": {
        "type": "git",
        "url": "ssh://git@github.com/numtide/treefmt-nix.git"
      }
    }
  },
  "root": "root",
  "version": 7
}