{
  "name": "pi-multi-pass",
  "version": "1.0.0",
  "lockfileVersion": 3,
  "requires": true,
  "packages": {
    "": {
      "name": "pi-multi-pass",
      "version": "1.0.0",
      "license": "ISC",
      "dependencies": {
        "pi-multi-pass": "1.3.0"
      }
    },
    "node_modules/pi-multi-pass": {
      "version": "1.3.0",
      "resolved": "https://registry.npmjs.org/pi-multi-pass/-/pi-multi-pass-1.3.0.tgz",
      "integrity": "sha512-IkY4SYTl1icmPlU6nSFK0Ab59jF04c/R4EHevY0Pg6rowGsNhsTgjn/NtLVy3t1Emyhxby+PvzwO+gyGsmskLQ==",
      "license": "MIT"
    }
  }
}
