name: Update flake.lock

on:
  schedule:
    # Run weekly on Sundays at midnight UTC
    - cron: "0 0 * * 0"
  workflow_dispatch: # Allow manual trigger

permissions:
  contents: write

jobs:
  update-flake-lock:
    runs-on: ubuntu-latest
    steps:
      - name: Checkout repository
        uses: actions/checkout@v6

      - name: Install Nix
        uses: DeterminateSystems/nix-installer-action@main

      - name: Update flake.lock
        run: nix flake update

      - name: Commit and push changes
        uses: stefanzweifel/git-auto-commit-action@v7
        with:
          commit_message: "chore(nix): update flake.lock [skip ci]"
          commit_user_name: "github-actions[bot]"
          commit_user_email: "github-actions[bot]@users.noreply.github.com"
          commit_author: "github-actions[bot] <github-actions[bot]@users.noreply.github.com>"
